
Microsoft Visual Studio Solution File, Format Version 12.00
# Visual Studio Version 16
VisualStudioVersion = 16.0.30804.86
MinimumVisualStudioVersion = 10.0.40219.1
Project("{FAE04EC0-301F-11D3-BF4B-00C04F79EFBC}") = "TestWFP", "TestWFP\TestWFP.csproj", "{535D81F0-53CD-41F6-BD44-72EBF2F4615C}"
EndProject
Global
	GlobalSection(SolutionConfigurationPlatforms) = preSolution
		Debug|Any CPU = Debug|Any CPU
		Release|Any CPU = Release|Any CPU
	EndGlobalSection
	GlobalSection(ProjectConfigurationPlatforms) = postSolution
		{535D81F0-53CD-41F6-BD44-72EBF2F4615C}.Debug|Any CPU.ActiveCfg = Debug|Any CPU
		{535D81F0-53CD-41F6-BD44-72EBF2F4615C}.Debug|Any CPU.Build.0 = Debug|Any CPU
		{535D81F0-53CD-41F6-BD44-72EBF2F4615C}.Release|Any CPU.ActiveCfg = Release|Any CPU
		{535D81F0-53CD-41F6-BD44-72EBF2F4615C}.Release|Any CPU.Build.0 = Release|Any CPU
	EndGlobalSection
	GlobalSection(SolutionProperties) = preSolution
		HideSolutionNode = FALSE
	EndGlobalSection
	GlobalSection(ExtensibilityGlobals) = postSolution
		SolutionGuid = {8080D5E6-FCFC-4B2B-B26E-58D0984E26F5}
	EndGlobalSection
EndGlobal
